
Microsoft Visual Studio Solution File, Format Version 12.00
# Visual Studio Version 17
VisualStudioVersion = 17.8.34511.84
MinimumVisualStudioVersion = 10.0.40219.1
Project("{FAE04EC0-301F-11D3-BF4B-00C04F79EFBC}") = "SkewArea", "Skew_Area\SkewArea.csproj", "{C2A47089-4640-4F16-8F1A-212FF9FB52C7}"
EndProject
Global
	GlobalSection(SolutionConfigurationPlatforms) = preSolution
		Debug|Any CPU = Debug|Any CPU
		Release|Any CPU = Release|Any CPU
	EndGlobalSection
	GlobalSection(ProjectConfigurationPlatforms) = postSolution
		{C2A47089-4640-4F16-8F1A-212FF9FB52C7}.Debug|Any CPU.ActiveCfg = Debug|Any CPU
		{C2A47089-4640-4F16-8F1A-212FF9FB52C7}.Debug|Any CPU.Build.0 = Debug|Any CPU
		{C2A47089-4640-4F16-8F1A-212FF9FB52C7}.Release|Any CPU.ActiveCfg = Release|Any CPU
		{C2A47089-4640-4F16-8F1A-212FF9FB52C7}.Release|Any CPU.Build.0 = Release|Any CPU
	EndGlobalSection
	GlobalSection(SolutionProperties) = preSolution
		HideSolutionNode = FALSE
	EndGlobalSection
	GlobalSection(ExtensibilityGlobals) = postSolution
		SolutionGuid = {17E1CC96-80BC-4670-96F3-ACBCC6F193DA}
	EndGlobalSection
EndGlobal
